// !$*UTF8*$!
{
	archiveVersion = 1;
	classes = {
	};
	objectVersion = 50;
	objects = {

/* Begin PBXBuildFile section */
		3763E0CA23A148260072CD97 /* AppDelegate.swift in Sources */ = {isa = PBXBuildFile; fileRef = 3763E0C923A148260072CD97 /* AppDelegate.swift */; };
		3763E0CC23A148260072CD97 /* SceneDelegate.swift in Sources */ = {isa = PBXBuildFile; fileRef = 3763E0CB23A148260072CD97 /* SceneDelegate.swift */; };
		3763E0CE23A148260072CD97 /* ViewController.swift in Sources */ = {isa = PBXBuildFile; fileRef = 3763E0CD23A148260072CD97 /* ViewController.swift */; };
		3763E0D123A148260072CD97 /* Main.storyboard in Resources */ = {isa = PBXBuildFile; fileRef = 3763E0CF23A148260072CD97 /* Main.storyboard */; };
		3763E0D323A1482A0072CD97 /* Assets.xcassets in Resources */ = {isa = PBXBuildFile; fileRef = 3763E0D223A1482A0072CD97 /* Assets.xcassets */; };
		3763E0D623A1482A0072CD97 /* LaunchScreen.storyboard in Resources */ = {isa = PBXBuildFile; fileRef = 3763E0D423A1482A0072CD97 /* LaunchScreen.storyboard */; };
		3763E0DE23A148930072CD97 /* Technique.plist in Resources */ = {isa = PBXBuildFile; fileRef = 3763E0DD23A148930072CD97 /* Technique.plist */; };
		3763E0E023A149A40072CD97 /* Technique.metal in Sources */ = {isa = PBXBuildFile; fileRef = 3763E0DF23A149A40072CD97 /* Technique.metal */; };
/* End PBXBuildFile section */

/* Begin PBXFileReference section */
		3763E0C623A148260072CD97 /* SCNTechnique+Animation.app */ = {isa = PBXFileReference; explicitFileType = wrapper.application; includeInIndex = 0; path = "SCNTechnique+Animation.app"; sourceTree = BUILT_PRODUCTS_DIR; };
		3763E0C923A148260072CD97 /* AppDelegate.swift */ = {isa = PBXFileReference; lastKnownFileType = sourcecode.swift; path = AppDelegate.swift; sourceTree = "<group>"; };
		3763E0CB23A148260072CD97 /* SceneDelegate.swift */ = {isa = PBXFileReference; lastKnownFileType = sourcecode.swift; path = SceneDelegate.swift; sourceTree = "<group>"; };
		3763E0CD23A148260072CD97 /* ViewController.swift */ = {isa = PBXFileReference; lastKnownFileType = sourcecode.swift; path = ViewController.swift; sourceTree = "<group>"; };
		3763E0D023A148260072CD97 /* Base */ = {isa = PBXFileReference; lastKnownFileType = file.storyboard; name = Base; path = Base.lproj/Main.storyboard; sourceTree = "<group>"; };
		3763E0D223A1482A0072CD97 /* Assets.xcassets */ = {isa = PBXFileReference; lastKnownFileType = folder.assetcatalog; path = Assets.xcassets; sourceTree = "<group>"; };
		3763E0D523A1482A0072CD97 /* Base */ = {isa = PBXFileReference; lastKnownFileType = file.storyboard; name = Base; path = Base.lproj/LaunchScreen.storyboard; sourceTree = "<group>"; };
		3763E0D723A1482A0072CD97 /* Info.plist */ = {isa = PBXFileReference; lastKnownFileType = text.plist.xml; path = Info.plist; sourceTree = "<group>"; };
		3763E0DD23A148930072CD97 /* Technique.plist */ = {isa = PBXFileReference; lastKnownFileType = text.plist.xml; path = Technique.plist; sourceTree = "<group>"; };
		3763E0DF23A149A40072CD97 /* Technique.metal */ = {isa = PBXFileReference; lastKnownFileType = sourcecode.metal; path = Technique.metal; sourceTree = "<group>"; };
/* End PBXFileReference section */

/* Begin PBXFrameworksBuildPhase section */
		3763E0C323A148260072CD97 /* Frameworks */ = {
			isa = PBXFrameworksBuildPhase;
			buildActionMask = 2147483647;
			files = (
			);
			runOnlyForDeploymentPostprocessing = 0;
		};
/* End PBXFrameworksBuildPhase section */

/* Begin PBXGroup section */
		3763E0BD23A148250072CD97 = {
			isa = PBXGroup;
			children = (
				3763E0C823A148260072CD97 /* SCNTechnique+Animation */,
				3763E0C723A148260072CD97 /* Products */,
			);
			sourceTree = "<group>";
		};
		3763E0C723A148260072CD97 /* Products */ = {
			isa = PBXGroup;
			children = (
				3763E0C623A148260072CD97 /* SCNTechnique+Animation.app */,
			);
			name = Products;
			sourceTree = "<group>";
		};
		3763E0C823A148260072CD97 /* SCNTechnique+Animation */ = {
			isa = PBXGroup;
			children = (
				3763E0C923A148260072CD97 /* AppDelegate.swift */,
				3763E0CB23A148260072CD97 /* SceneDelegate.swift */,
				3763E0CD23A148260072CD97 /* ViewController.swift */,
				3763E0CF23A148260072CD97 /* Main.storyboard */,
				3763E0D223A1482A0072CD97 /* Assets.xcassets */,
				3763E0D423A1482A0072CD97 /* LaunchScreen.storyboard */,
				3763E0D723A1482A0072CD97 /* Info.plist */,
				3763E0DD23A148930072CD97 /* Technique.plist */,
				3763E0DF23A149A40072CD97 /* Technique.metal */,
			);
			path = "SCNTechnique+Animation";
			sourceTree = "<group>";
		};
/* End PBXGroup section */

/* Begin PBXNativeTarget section */
		3763E0C523A148260072CD97 /* SCNTechnique+Animation */ = {
			isa = PBXNativeTarget;
			buildConfigurationList = 3763E0DA23A1482A0072CD97 /* Build configuration list for PBXNativeTarget "SCNTechnique+Animation" */;
			buildPhases = (
				3763E0C223A148260072CD97 /* Sources */,
				3763E0C323A148260072CD97 /* Frameworks */,
				3763E0C423A148260072CD97 /* Resources */,
			);
			buildRules = (
			);
			dependencies = (
			);
			name = "SCNTechnique+Animation";
			productName = "SCNTechnique+Animation";
			productReference = 3763E0C623A148260072CD97 /* SCNTechnique+Animation.app */;
			productType = "com.apple.product-type.application";
		};
/* End PBXNativeTarget section */

/* Begin PBXProject section */
		3763E0BE23A148250072CD97 /* Project object */ = {
			isa = PBXProject;
			attributes = {
				LastSwiftUpdateCheck = 1120;
				LastUpgradeCheck = 1120;
				ORGANIZATIONNAME = "Tomoya Hirano";
				TargetAttributes = {
					3763E0C523A148260072CD97 = {
						CreatedOnToolsVersion = 11.2.1;
					};
				};
			};
			buildConfigurationList = 3763E0C123A148250072CD97 /* Build configuration list for PBXProject "SCNTechnique+Animation" */;
			compatibilityVersion = "Xcode 9.3";
			developmentRegion = en;
			hasScannedForEncodings = 0;
			knownRegions = (
				en,
				Base,
			);
			mainGroup = 3763E0BD23A148250072CD97;
			productRefGroup = 3763E0C723A148260072CD97 /* Products */;
			projectDirPath = "";
			projectRoot = "";
			targets = (
				3763E0C523A148260072CD97 /* SCNTechnique+Animation */,
			);
		};
/* End PBXProject section */

/* Begin PBXResourcesBuildPhase section */
		3763E0C423A148260072CD97 /* Resources */ = {
			isa = PBXResourcesBuildPhase;
			buildActionMask = 2147483647;
			files = (
				3763E0D623A1482A0072CD97 /* LaunchScreen.storyboard in Resources */,
				3763E0D323A1482A0072CD97 /* Assets.xcassets in Resources */,
				3763E0D123A148260072CD97 /* Main.storyboard in Resources */,
				3763E0DE23A148930072CD97 /* Technique.plist in Resources */,
			);
			runOnlyForDeploymentPostprocessing = 0;
		};
/* End PBXResourcesBuildPhase section */

/* Begin PBXSourcesBuildPhase section */
		3763E0C223A148260072CD97 /* Sources */ = {
			isa = PBXSourcesBuildPhase;
			buildActionMask = 2147483647;
			files = (
				3763E0CE23A148260072CD97 /* ViewController.swift in Sources */,
				3763E0CA23A148260072CD97 /* AppDelegate.swift in Sources */,
				3763E0E023A149A40072CD97 /* Technique.metal in Sources */,
				3763E0CC23A148260072CD97 /* SceneDelegate.swift in Sources */,
			);
			runOnlyForDeploymentPostprocessing = 0;
		};
/* End PBXSourcesBuildPhase section */

/* Begin PBXVariantGroup section */
		3763E0CF23A148260072CD97 /* Main.storyboard */ = {
			isa = PBXVariantGroup;
			children = (
				3763E0D023A148260072CD97 /* Base */,
			);
			name = Main.storyboard;
			sourceTree = "<group>";
		};
		3763E0D423A1482A0072CD97 /* LaunchScreen.storyboard */ = {
			isa = PBXVariantGroup;
			children = (
				3763E0D523A1482A0072CD97 /* Base */,
			);
			name = LaunchScreen.storyboard;
			sourceTree = "<group>";
		};
/* End PBXVariantGroup section */

/* Begin XCBuildConfiguration section */
		3763E0D823A1482A0072CD97 /* Debug */ = {
			isa = XCBuildConfiguration;
			buildSettings = {
				ALWAYS_SEARCH_USER_PATHS = NO;
				CLANG_ANALYZER_NONNULL = YES;
				CLANG_ANALYZER_NUMBER_OBJECT_CONVERSION = YES_AGGRESSIVE;
				CLANG_CXX_LANGUAGE_STANDARD = "gnu++14";
				CLANG_CXX_LIBRARY = "libc++";
				CLANG_ENABLE_MODULES = YES;
				CLANG_ENABLE_OBJC_ARC = YES;
				CLANG_ENABLE_OBJC_WEAK = YES;
				CLANG_WARN_BLOCK_CAPTURE_AUTORELEASING = YES;
				CLANG_WARN_BOOL_CONVERSION = YES;
				CLANG_WARN_COMMA = YES;
				CLANG_WARN_CONSTANT_CONVERSION = YES;
				CLANG_WARN_DEPRECATED_OBJC_IMPLEMENTATIONS = YES;
				CLANG_WARN_DIRECT_OBJC_ISA_USAGE = YES_ERROR;
				CLANG_WARN_DOCUMENTATION_COMMENTS = YES;
				CLANG_WARN_EMPTY_BODY = YES;
				CLANG_WARN_ENUM_CONVERSION = YES;
				CLANG_WARN_INFINITE_RECURSION = YES;
				CLANG_WARN_INT_CONVERSION = YES;
				CLANG_WARN_NON_LITERAL_NULL_CONVERSION = YES;
				CLANG_WARN_OBJC_IMPLICIT_RETAIN_SELF = YES;
				CLANG_WARN_OBJC_LITERAL_CONVERSION = YES;
				CLANG_WARN_OBJC_ROOT_CLASS = YES_ERROR;
				CLANG_WARN_RANGE_LOOP_ANALYSIS = YES;
				CLANG_WARN_STRICT_PROTOTYPES = YES;
				CLANG_WARN_SUSPICIOUS_MOVE = YES;
				CLANG_WARN_UNGUARDED_AVAILABILITY = YES_AGGRESSIVE;
				CLANG_WARN_UNREACHABLE_CODE = YES;
				CLANG_WARN__DUPLICATE_METHOD_MATCH = YES;
				COPY_PHASE_STRIP = NO;
				DEBUG_INFORMATION_FORMAT = dwarf;
				ENABLE_STRICT_OBJC_MSGSEND = YES;
				ENABLE_TESTABILITY = YES;
				GCC_C_LANGUAGE_STANDARD = gnu11;
				GCC_DYNAMIC_NO_PIC = NO;
				GCC_NO_COMMON_BLOCKS = YES;
				GCC_OPTIMIZATION_LEVEL = 0;
				GCC_PREPROCESSOR_DEFINITIONS = (
					"DEBUG=1",
					"$(inherited)",
				);
				GCC_WARN_64_TO_32_BIT_CONVERSION = YES;
				GCC_WARN_ABOUT_RETURN_TYPE = YES_ERROR;
				GCC_WARN_UNDECLARED_SELECTOR = YES;
				GCC_WARN_UNINITIALIZED_AUTOS = YES_AGGRESSIVE;
				GCC_WARN_UNUSED_FUNCTION = YES;
				GCC_WARN_UNUSED_VARIABLE = YES;
				IPHONEOS_DEPLOYMENT_TARGET = 13.2;
				MTL_ENABLE_DEBUG_INFO = INCLUDE_SOURCE;
				MTL_FAST_MATH = YES;
				ONLY_ACTIVE_ARCH = YES;
				SDKROOT = iphoneos;
				SWIFT_ACTIVE_COMPILATION_CONDITIONS = DEBUG;
				SWIFT_OPTIMIZATION_LEVEL = "-Onone";
			};
			name = Debug;
		};
		3763E0D923A1482A0072CD97 /* Release */ = {
			isa = XCBuildConfiguration;
			buildSettings = {
				ALWAYS_SEARCH_USER_PATHS = NO;
				CLANG_ANALYZER_NONNULL = YES;
				CLANG_ANALYZER_NUMBER_OBJECT_CONVERSION = YES_AGGRESSIVE;
				CLANG_CXX_LANGUAGE_STANDARD = "gnu++14";
				CLANG_CXX_LIBRARY = "libc++";
				CLANG_ENABLE_MODULES = YES;
				CLANG_ENABLE_OBJC_ARC = YES;
				CLANG_ENABLE_OBJC_WEAK = YES;
				CLANG_WARN_BLOCK_CAPTURE_AUTORELEASING = YES;
				CLANG_WARN_BOOL_CONVERSION = YES;
				CLANG_WARN_COMMA = YES;
				CLANG_WARN_CONSTANT_CONVERSION = YES;
				CLANG_WARN_DEPRECATED_OBJC_IMPLEMENTATIONS = YES;
				CLANG_WARN_DIRECT_OBJC_ISA_USAGE = YES_ERROR;
				CLANG_WARN_DOCUMENTATION_COMMENTS = YES;
				CLANG_WARN_EMPTY_BODY = YES;
				CLANG_WARN_ENUM_CONVERSION = YES;
				CLANG_WARN_INFINITE_RECURSION = YES;
				CLANG_WARN_INT_CONVERSION = YES;
				CLANG_WARN_NON_LITERAL_NULL_CONVERSION = YES;
				CLANG_WARN_OBJC_IMPLICIT_RETAIN_SELF = YES;
				CLANG_WARN_OBJC_LITERAL_CONVERSION = YES;
				CLANG_WARN_OBJC_ROOT_CLASS = YES_ERROR;
				CLANG_WARN_RANGE_LOOP_ANALYSIS = YES;
				CLANG_WARN_STRICT_PROTOTYPES = YES;
				CLANG_WARN_SUSPICIOUS_MOVE = YES;
				CLANG_WARN_UNGUARDED_AVAILABILITY = YES_AGGRESSIVE;
				CLANG_WARN_UNREACHABLE_CODE = YES;
				CLANG_WARN__DUPLICATE_METHOD_MATCH = YES;
				COPY_PHASE_STRIP = NO;
				DEBUG_INFORMATION_FORMAT = "dwarf-with-dsym";
				ENABLE_NS_ASSERTIONS = NO;
				ENABLE_STRICT_OBJC_MSGSEND = YES;
				GCC_C_LANGUAGE_STANDARD = gnu11;
				GCC_NO_COMMON_BLOCKS = YES;
				GCC_WARN_64_TO_32_BIT_CONVERSION = YES;
				GCC_WARN_ABOUT_RETURN_TYPE = YES_ERROR;
				GCC_WARN_UNDECLARED_SELECTOR = YES;
				GCC_WARN_UNINITIALIZED_AUTOS = YES_AGGRESSIVE;
				GCC_WARN_UNUSED_FUNCTION = YES;
				GCC_WARN_UNUSED_VARIABLE = YES;
				IPHONEOS_DEPLOYMENT_TARGET = 13.2;
				MTL_ENABLE_DEBUG_INFO = NO;
				MTL_FAST_MATH = YES;
				SDKROOT = iphoneos;
				SWIFT_COMPILATION_MODE = wholemodule;
				SWIFT_OPTIMIZATION_LEVEL = "-O";
				VALIDATE_PRODUCT = YES;
			};
			name = Release;
		};
		3763E0DB23A1482A0072CD97 /* Debug */ = {
			isa = XCBuildConfiguration;
			buildSettings = {
				ASSETCATALOG_COMPILER_APPICON_NAME = AppIcon;
				CODE_SIGN_STYLE = Automatic;
				DEVELOPMENT_TEAM = FBQ6Z8AF3U;
				INFOPLIST_FILE = "SCNTechnique+Animation/Info.plist";
				LD_RUNPATH_SEARCH_PATHS = (
					"$(inherited)",
					"@executable_path/Frameworks",
				);
				PRODUCT_BUNDLE_IDENTIFIER = "com.noppelab.SCNTechnique-Animation";
				PRODUCT_NAME = "$(TARGET_NAME)";
				SWIFT_VERSION = 5.0;
				TARGETED_DEVICE_FAMILY = "1,2";
			};
			name = Debug;
		};
		3763E0DC23A1482A0072CD97 /* Release */ = {
			isa = XCBuildConfiguration;
			buildSettings = {
				ASSETCATALOG_COMPILER_APPICON_NAME = AppIcon;
				CODE_SIGN_STYLE = Automatic;
				DEVELOPMENT_TEAM = FBQ6Z8AF3U;
				INFOPLIST_FILE = "SCNTechnique+Animation/Info.plist";
				LD_RUNPATH_SEARCH_PATHS = (
					"$(inherited)",
					"@executable_path/Frameworks",
				);
				PRODUCT_BUNDLE_IDENTIFIER = "com.noppelab.SCNTechnique-Animation";
				PRODUCT_NAME = "$(TARGET_NAME)";
				SWIFT_VERSION = 5.0;
				TARGETED_DEVICE_FAMILY = "1,2";
			};
			name = Release;
		};
/* End XCBuildConfiguration section */

/* Begin XCConfigurationList section */
		3763E0C123A148250072CD97 /* Build configuration list for PBXProject "SCNTechnique+Animation" */ = {
			isa = XCConfigurationList;
			buildConfigurations = (
				3763E0D823A1482A0072CD97 /* Debug */,
				3763E0D923A1482A0072CD97 /* Release */,
			);
			defaultConfigurationIsVisible = 0;
			defaultConfigurationName = Release;
		};
		3763E0DA23A1482A0072CD97 /* Build configuration list for PBXNativeTarget "SCNTechnique+Animation" */ = {
			isa = XCConfigurationList;
			buildConfigurations = (
				3763E0DB23A1482A0072CD97 /* Debug */,
				3763E0DC23A1482A0072CD97 /* Release */,
			);
			defaultConfigurationIsVisible = 0;
			defaultConfigurationName = Release;
		};
/* End XCConfigurationList section */
	};
	rootObject = 3763E0BE23A148250072CD97 /* Project object */;
}
